
Microsoft Visual Studio Solution File, Format Version 12.00
# Visual Studio 2013
VisualStudioVersion = 12.0.21005.1
MinimumVisualStudioVersion = 10.0.40219.1
Project("{F2A71F9B-5D33-465A-A702-920D77279786}") = "HomeWork9", "src\app\app.fsproj", "{269577A4-6D30-49D4-9143-70B076F8C759}"
EndProject
Project("{F2A71F9B-5D33-465A-A702-920D77279786}") = "test", "src\test\test.fsproj", "{B83C60DD-5FAD-4005-9988-B4F6726DC44C}"
EndProject
Global
	GlobalSection(SolutionConfigurationPlatforms) = preSolution
		Debug|Any CPU = Debug|Any CPU
		Release|Any CPU = Release|Any CPU
	EndGlobalSection
	GlobalSection(ProjectConfigurationPlatforms) = postSolution
		{269577A4-6D30-49D4-9143-70B076F8C759}.Debug|Any CPU.ActiveCfg = Debug|Any CPU
		{269577A4-6D30-49D4-9143-70B076F8C759}.Debug|Any CPU.Build.0 = Debug|Any CPU
		{269577A4-6D30-49D4-9143-70B076F8C759}.Release|Any CPU.ActiveCfg = Release|Any CPU
		{269577A4-6D30-49D4-9143-70B076F8C759}.Release|Any CPU.Build.0 = Release|Any CPU
		{B83C60DD-5FAD-4005-9988-B4F6726DC44C}.Debug|Any CPU.ActiveCfg = Debug|Any CPU
		{B83C60DD-5FAD-4005-9988-B4F6726DC44C}.Debug|Any CPU.Build.0 = Debug|Any CPU
		{B83C60DD-5FAD-4005-9988-B4F6726DC44C}.Release|Any CPU.ActiveCfg = Release|Any CPU
		{B83C60DD-5FAD-4005-9988-B4F6726DC44C}.Release|Any CPU.Build.0 = Release|Any CPU
	EndGlobalSection
	GlobalSection(SolutionProperties) = preSolution
		HideSolutionNode = FALSE
	EndGlobalSection
EndGlobal
